
Microsoft Visual Studio Solution File, Format Version 12.00
# Visual Studio Version 17
VisualStudioVersion = 17.0.32126.317
MinimumVisualStudioVersion = 10.0.40219.1
Project("{9A19103F-16F7-4668-BE54-9A1E7A4F7556}") = "BeASwitch", "BeASwitch\BeASwitch.csproj", "{208AFEFD-D712-4B8E-B483-6702279B7EC6}"
EndProject
Project("{9A19103F-16F7-4668-BE54-9A1E7A4F7556}") = "BeARouter", "BeARouter\BeARouter.csproj", "{566B65A0-D11D-4740-8797-37EED0CD1D29}"
EndProject
Project("{9A19103F-16F7-4668-BE54-9A1E7A4F7556}") = "BeARouter.Test", "BeARouter.Test\BeARouter.Test.csproj", "{5778A0F7-DA4B-45AC-8813-2BC5E114962B}"
	ProjectSection(ProjectDependencies) = postProject
		{566B65A0-D11D-4740-8797-37EED0CD1D29} = {566B65A0-D11D-4740-8797-37EED0CD1D29}
	EndProjectSection
EndProject
Project("{9A19103F-16F7-4668-BE54-9A1E7A4F7556}") = "SuccessCertificateVerficiationTool", "SuccessCertificateVerficiationTool\SuccessCertificateVerficiationTool.csproj", "{BE1C8DFB-DC96-4059-BD18-9D31AE0B2E1D}"
EndProject
Project("{9A19103F-16F7-4668-BE54-9A1E7A4F7556}") = "BeAToolsLibrary", "BeAToolsLibrary\BeAToolsLibrary.csproj", "{16BAE5D8-D82E-4AD1-9FB3-DB1776F863C8}"
EndProject
Project("{9A19103F-16F7-4668-BE54-9A1E7A4F7556}") = "SuccessCertificateSubmissionClient", "SuccessCertificateSubmissionClient\SuccessCertificateSubmissionClient.csproj", "{809C204F-5CDB-4814-9BC3-D937E57BF002}"
EndProject
Project("{FAE04EC0-301F-11D3-BF4B-00C04F79EFBC}") = "BeAUILibrary", "BeAUILibrary\BeAUILibrary.csproj", "{43CD4667-9254-4A46-9D19-346AA1C05A17}"
EndProject
Global
	GlobalSection(SolutionConfigurationPlatforms) = preSolution
		Debug|Any CPU = Debug|Any CPU
		Release|Any CPU = Release|Any CPU
	EndGlobalSection
	GlobalSection(ProjectConfigurationPlatforms) = postSolution
		{208AFEFD-D712-4B8E-B483-6702279B7EC6}.Debug|Any CPU.ActiveCfg = Debug|Any CPU
		{208AFEFD-D712-4B8E-B483-6702279B7EC6}.Debug|Any CPU.Build.0 = Debug|Any CPU
		{208AFEFD-D712-4B8E-B483-6702279B7EC6}.Release|Any CPU.ActiveCfg = Release|Any CPU
		{208AFEFD-D712-4B8E-B483-6702279B7EC6}.Release|Any CPU.Build.0 = Release|Any CPU
		{566B65A0-D11D-4740-8797-37EED0CD1D29}.Debug|Any CPU.ActiveCfg = Debug|Any CPU
		{566B65A0-D11D-4740-8797-37EED0CD1D29}.Debug|Any CPU.Build.0 = Debug|Any CPU
		{566B65A0-D11D-4740-8797-37EED0CD1D29}.Release|Any CPU.ActiveCfg = Release|Any CPU
		{566B65A0-D11D-4740-8797-37EED0CD1D29}.Release|Any CPU.Build.0 = Release|Any CPU
		{5778A0F7-DA4B-45AC-8813-2BC5E114962B}.Debug|Any CPU.ActiveCfg = Debug|Any CPU
		{5778A0F7-DA4B-45AC-8813-2BC5E114962B}.Debug|Any CPU.Build.0 = Debug|Any CPU
		{5778A0F7-DA4B-45AC-8813-2BC5E114962B}.Release|Any CPU.ActiveCfg = Release|Any CPU
		{5778A0F7-DA4B-45AC-8813-2BC5E114962B}.Release|Any CPU.Build.0 = Release|Any CPU
		{BE1C8DFB-DC96-4059-BD18-9D31AE0B2E1D}.Debug|Any CPU.ActiveCfg = Debug|Any CPU
		{BE1C8DFB-DC96-4059-BD18-9D31AE0B2E1D}.Debug|Any CPU.Build.0 = Debug|Any CPU
		{BE1C8DFB-DC96-4059-BD18-9D31AE0B2E1D}.Release|Any CPU.ActiveCfg = Release|Any CPU
		{BE1C8DFB-DC96-4059-BD18-9D31AE0B2E1D}.Release|Any CPU.Build.0 = Release|Any CPU
		{16BAE5D8-D82E-4AD1-9FB3-DB1776F863C8}.Debug|Any CPU.ActiveCfg = Debug|Any CPU
		{16BAE5D8-D82E-4AD1-9FB3-DB1776F863C8}.Debug|Any CPU.Build.0 = Debug|Any CPU
		{16BAE5D8-D82E-4AD1-9FB3-DB1776F863C8}.Release|Any CPU.ActiveCfg = Release|Any CPU
		{16BAE5D8-D82E-4AD1-9FB3-DB1776F863C8}.Release|Any CPU.Build.0 = Release|Any CPU
		{809C204F-5CDB-4814-9BC3-D937E57BF002}.Debug|Any CPU.ActiveCfg = Debug|Any CPU
		{809C204F-5CDB-4814-9BC3-D937E57BF002}.Debug|Any CPU.Build.0 = Debug|Any CPU
		{809C204F-5CDB-4814-9BC3-D937E57BF002}.Release|Any CPU.ActiveCfg = Release|Any CPU
		{809C204F-5CDB-4814-9BC3-D937E57BF002}.Release|Any CPU.Build.0 = Release|Any CPU
		{43CD4667-9254-4A46-9D19-346AA1C05A17}.Debug|Any CPU.ActiveCfg = Debug|Any CPU
		{43CD4667-9254-4A46-9D19-346AA1C05A17}.Debug|Any CPU.Build.0 = Debug|Any CPU
		{43CD4667-9254-4A46-9D19-346AA1C05A17}.Release|Any CPU.ActiveCfg = Release|Any CPU
		{43CD4667-9254-4A46-9D19-346AA1C05A17}.Release|Any CPU.Build.0 = Release|Any CPU
	EndGlobalSection
	GlobalSection(SolutionProperties) = preSolution
		HideSolutionNode = FALSE
	EndGlobalSection
	GlobalSection(ExtensibilityGlobals) = postSolution
		SolutionGuid = {583CF08C-612F-449E-B19C-D5A02E48AA0C}
	EndGlobalSection
EndGlobal
